// !$*UTF8*$!
{
	archiveVersion = 1;
	classes = {
	};
	objectVersion = 55;
	objects = {

/* Begin PBXBuildFile section */
		C22EAD772A77616700420C7B /* AppDelegate.swift in Sources */ = {isa = PBXBuildFile; fileRef = C22EAD762A77616700420C7B /* AppDelegate.swift */; };
		C22EAD792A77616700420C7B /* SceneDelegate.swift in Sources */ = {isa = PBXBuildFile; fileRef = C22EAD782A77616700420C7B /* SceneDelegate.swift */; };
		C22EAD7B2A77616700420C7B /* ViewController.swift in Sources */ = {isa = PBXBuildFile; fileRef = C22EAD7A2A77616700420C7B /* ViewController.swift */; };
		C22EAD7E2A77616700420C7B /* Main.storyboard in Resources */ = {isa = PBXBuildFile; fileRef = C22EAD7C2A77616700420C7B /* Main.storyboard */; };
		C22EAD802A77616A00420C7B /* Assets.xcassets in Resources */ = {isa = PBXBuildFile; fileRef = C22EAD7F2A77616A00420C7B /* Assets.xcassets */; };
		C22EAD832A77616A00420C7B /* LaunchScreen.storyboard in Resources */ = {isa = PBXBuildFile; fileRef = C22EAD812A77616A00420C7B /* LaunchScreen.storyboard */; };
		C22EAD8B2A77665B00420C7B /* Person.swift in Sources */ = {isa = PBXBuildFile; fileRef = C22EAD8A2A77665B00420C7B /* Person.swift */; };
		C22EAD8D2A77671900420C7B /* Envelope.swift in Sources */ = {isa = PBXBuildFile; fileRef = C22EAD8C2A77671900420C7B /* Envelope.swift */; };
/* End PBXBuildFile section */

/* Begin PBXFileReference section */
		C22EAD732A77616700420C7B /* DecodeWithKeyPath.app */ = {isa = PBXFileReference; explicitFileType = wrapper.application; includeInIndex = 0; path = DecodeWithKeyPath.app; sourceTree = BUILT_PRODUCTS_DIR; };
		C22EAD762A77616700420C7B /* AppDelegate.swift */ = {isa = PBXFileReference; lastKnownFileType = sourcecode.swift; path = AppDelegate.swift; sourceTree = "<group>"; };
		C22EAD782A77616700420C7B /* SceneDelegate.swift */ = {isa = PBXFileReference; lastKnownFileType = sourcecode.swift; path = SceneDelegate.swift; sourceTree = "<group>"; };
		C22EAD7A2A77616700420C7B /* ViewController.swift */ = {isa = PBXFileReference; lastKnownFileType = sourcecode.swift; path = ViewController.swift; sourceTree = "<group>"; };
		C22EAD7D2A77616700420C7B /* Base */ = {isa = PBXFileReference; lastKnownFileType = file.storyboard; name = Base; path = Base.lproj/Main.storyboard; sourceTree = "<group>"; };
		C22EAD7F2A77616A00420C7B /* Assets.xcassets */ = {isa = PBXFileReference; lastKnownFileType = folder.assetcatalog; path = Assets.xcassets; sourceTree = "<group>"; };
		C22EAD822A77616A00420C7B /* Base */ = {isa = PBXFileReference; lastKnownFileType = file.storyboard; name = Base; path = Base.lproj/LaunchScreen.storyboard; sourceTree = "<group>"; };
		C22EAD842A77616A00420C7B /* Info.plist */ = {isa = PBXFileReference; lastKnownFileType = text.plist.xml; path = Info.plist; sourceTree = "<group>"; };
		C22EAD8A2A77665B00420C7B /* Person.swift */ = {isa = PBXFileReference; lastKnownFileType = sourcecode.swift; path = Person.swift; sourceTree = "<group>"; };
		C22EAD8C2A77671900420C7B /* Envelope.swift */ = {isa = PBXFileReference; lastKnownFileType = sourcecode.swift; path = Envelope.swift; sourceTree = "<group>"; };
/* End PBXFileReference section */

/* Begin PBXFrameworksBuildPhase section */
		C22EAD702A77616700420C7B /* Frameworks */ = {
			isa = PBXFrameworksBuildPhase;
			buildActionMask = 2147483647;
			files = (
			);
			runOnlyForDeploymentPostprocessing = 0;
		};
/* End PBXFrameworksBuildPhase section */

/* Begin PBXGroup section */
		C22EAD6A2A77616700420C7B = {
			isa = PBXGroup;
			children = (
				C22EAD752A77616700420C7B /* DecodeWithKeyPath */,
				C22EAD742A77616700420C7B /* Products */,
			);
			sourceTree = "<group>";
		};
		C22EAD742A77616700420C7B /* Products */ = {
			isa = PBXGroup;
			children = (
				C22EAD732A77616700420C7B /* DecodeWithKeyPath.app */,
			);
			name = Products;
			sourceTree = "<group>";
		};
		C22EAD752A77616700420C7B /* DecodeWithKeyPath */ = {
			isa = PBXGroup;
			children = (
				C22EAD762A77616700420C7B /* AppDelegate.swift */,
				C22EAD782A77616700420C7B /* SceneDelegate.swift */,
				C22EAD7A2A77616700420C7B /* ViewController.swift */,
				C22EAD8A2A77665B00420C7B /* Person.swift */,
				C22EAD8C2A77671900420C7B /* Envelope.swift */,
				C22EAD7C2A77616700420C7B /* Main.storyboard */,
				C22EAD7F2A77616A00420C7B /* Assets.xcassets */,
				C22EAD812A77616A00420C7B /* LaunchScreen.storyboard */,
				C22EAD842A77616A00420C7B /* Info.plist */,
			);
			path = DecodeWithKeyPath;
			sourceTree = "<group>";
		};
/* End PBXGroup section */

/* Begin PBXNativeTarget section */
		C22EAD722A77616700420C7B /* DecodeWithKeyPath */ = {
			isa = PBXNativeTarget;
			buildConfigurationList = C22EAD872A77616A00420C7B /* Build configuration list for PBXNativeTarget "DecodeWithKeyPath" */;
			buildPhases = (
				C22EAD6F2A77616700420C7B /* Sources */,
				C22EAD702A77616700420C7B /* Frameworks */,
				C22EAD712A77616700420C7B /* Resources */,
			);
			buildRules = (
			);
			dependencies = (
			);
			name = DecodeWithKeyPath;
			productName = DecodeWithKeyPath;
			productReference = C22EAD732A77616700420C7B /* DecodeWithKeyPath.app */;
			productType = "com.apple.product-type.application";
		};
/* End PBXNativeTarget section */

/* Begin PBXProject section */
		C22EAD6B2A77616700420C7B /* Project object */ = {
			isa = PBXProject;
			attributes = {
				BuildIndependentTargetsInParallel = 1;
				LastSwiftUpdateCheck = 1420;
				LastUpgradeCheck = 1420;
				TargetAttributes = {
					C22EAD722A77616700420C7B = {
						CreatedOnToolsVersion = 14.2;
					};
				};
			};
			buildConfigurationList = C22EAD6E2A77616700420C7B /* Build configuration list for PBXProject "DecodeWithKeyPath" */;
			compatibilityVersion = "Xcode 13.0";
			developmentRegion = en;
			hasScannedForEncodings = 0;
			knownRegions = (
				en,
				Base,
			);
			mainGroup = C22EAD6A2A77616700420C7B;
			productRefGroup = C22EAD742A77616700420C7B /* Products */;
			projectDirPath = "";
			projectRoot = "";
			targets = (
				C22EAD722A77616700420C7B /* DecodeWithKeyPath */,
			);
		};
/* End PBXProject section */

/* Begin PBXResourcesBuildPhase section */
		C22EAD712A77616700420C7B /* Resources */ = {
			isa = PBXResourcesBuildPhase;
			buildActionMask = 2147483647;
			files = (
				C22EAD832A77616A00420C7B /* LaunchScreen.storyboard in Resources */,
				C22EAD802A77616A00420C7B /* Assets.xcassets in Resources */,
				C22EAD7E2A77616700420C7B /* Main.storyboard in Resources */,
			);
			runOnlyForDeploymentPostprocessing = 0;
		};
/* End PBXResourcesBuildPhase section */

/* Begin PBXSourcesBuildPhase section */
		C22EAD6F2A77616700420C7B /* Sources */ = {
			isa = PBXSourcesBuildPhase;
			buildActionMask = 2147483647;
			files = (
				C22EAD7B2A77616700420C7B /* ViewController.swift in Sources */,
				C22EAD8D2A77671900420C7B /* Envelope.swift in Sources */,
				C22EAD772A77616700420C7B /* AppDelegate.swift in Sources */,
				C22EAD8B2A77665B00420C7B /* Person.swift in Sources */,
				C22EAD792A77616700420C7B /* SceneDelegate.swift in Sources */,
			);
			runOnlyForDeploymentPostprocessing = 0;
		};
/* End PBXSourcesBuildPhase section */

/* Begin PBXVariantGroup section */
		C22EAD7C2A77616700420C7B /* Main.storyboard */ = {
			isa = PBXVariantGroup;
			children = (
				C22EAD7D2A77616700420C7B /* Base */,
			);
			name = Main.storyboard;
			sourceTree = "<group>";
		};
		C22EAD812A77616A00420C7B /* LaunchScreen.storyboard */ = {
			isa = PBXVariantGroup;
			children = (
				C22EAD822A77616A00420C7B /* Base */,
			);
			name = LaunchScreen.storyboard;
			sourceTree = "<group>";
		};
/* End PBXVariantGroup section */

/* Begin XCBuildConfiguration section */
		C22EAD852A77616A00420C7B /* Debug */ = {
			isa = XCBuildConfiguration;
			buildSettings = {
				ALWAYS_SEARCH_USER_PATHS = NO;
				CLANG_ANALYZER_NONNULL = YES;
				CLANG_ANALYZER_NUMBER_OBJECT_CONVERSION = YES_AGGRESSIVE;
				CLANG_CXX_LANGUAGE_STANDARD = "gnu++20";
				CLANG_ENABLE_MODULES = YES;
				CLANG_ENABLE_OBJC_ARC = YES;
				CLANG_ENABLE_OBJC_WEAK = YES;
				CLANG_WARN_BLOCK_CAPTURE_AUTORELEASING = YES;
				CLANG_WARN_BOOL_CONVERSION = YES;
				CLANG_WARN_COMMA = YES;
				CLANG_WARN_CONSTANT_CONVERSION = YES;
				CLANG_WARN_DEPRECATED_OBJC_IMPLEMENTATIONS = YES;
				CLANG_WARN_DIRECT_OBJC_ISA_USAGE = YES_ERROR;
				CLANG_WARN_DOCUMENTATION_COMMENTS = YES;
				CLANG_WARN_EMPTY_BODY = YES;
				CLANG_WARN_ENUM_CONVERSION = YES;
				CLANG_WARN_INFINITE_RECURSION = YES;
				CLANG_WARN_INT_CONVERSION = YES;
				CLANG_WARN_NON_LITERAL_NULL_CONVERSION = YES;
				CLANG_WARN_OBJC_IMPLICIT_RETAIN_SELF = YES;
				CLANG_WARN_OBJC_LITERAL_CONVERSION = YES;
				CLANG_WARN_OBJC_ROOT_CLASS = YES_ERROR;
				CLANG_WARN_QUOTED_INCLUDE_IN_FRAMEWORK_HEADER = YES;
				CLANG_WARN_RANGE_LOOP_ANALYSIS = YES;
				CLANG_WARN_STRICT_PROTOTYPES = YES;
				CLANG_WARN_SUSPICIOUS_MOVE = YES;
				CLANG_WARN_UNGUARDED_AVAILABILITY = YES_AGGRESSIVE;
				CLANG_WARN_UNREACHABLE_CODE = YES;
				CLANG_WARN__DUPLICATE_METHOD_MATCH = YES;
				COPY_PHASE_STRIP = NO;
				DEBUG_INFORMATION_FORMAT = dwarf;
				ENABLE_STRICT_OBJC_MSGSEND = YES;
				ENABLE_TESTABILITY = YES;
				GCC_C_LANGUAGE_STANDARD = gnu11;
				GCC_DYNAMIC_NO_PIC = NO;
				GCC_NO_COMMON_BLOCKS = YES;
				GCC_OPTIMIZATION_LEVEL = 0;
				GCC_PREPROCESSOR_DEFINITIONS = (
					"DEBUG=1",
					"$(inherited)",
				);
				GCC_WARN_64_TO_32_BIT_CONVERSION = YES;
				GCC_WARN_ABOUT_RETURN_TYPE = YES_ERROR;
				GCC_WARN_UNDECLARED_SELECTOR = YES;
				GCC_WARN_UNINITIALIZED_AUTOS = YES_AGGRESSIVE;
				GCC_WARN_UNUSED_FUNCTION = YES;
				GCC_WARN_UNUSED_VARIABLE = YES;
				IPHONEOS_DEPLOYMENT_TARGET = 16.2;
				MTL_ENABLE_DEBUG_INFO = INCLUDE_SOURCE;
				MTL_FAST_MATH = YES;
				ONLY_ACTIVE_ARCH = YES;
				SDKROOT = iphoneos;
				SWIFT_ACTIVE_COMPILATION_CONDITIONS = DEBUG;
				SWIFT_OPTIMIZATION_LEVEL = "-Onone";
			};
			name = Debug;
		};
		C22EAD862A77616A00420C7B /* Release */ = {
			isa = XCBuildConfiguration;
			buildSettings = {
				ALWAYS_SEARCH_USER_PATHS = NO;
				CLANG_ANALYZER_NONNULL = YES;
				CLANG_ANALYZER_NUMBER_OBJECT_CONVERSION = YES_AGGRESSIVE;
				CLANG_CXX_LANGUAGE_STANDARD = "gnu++20";
				CLANG_ENABLE_MODULES = YES;
				CLANG_ENABLE_OBJC_ARC = YES;
				CLANG_ENABLE_OBJC_WEAK = YES;
				CLANG_WARN_BLOCK_CAPTURE_AUTORELEASING = YES;
				CLANG_WARN_BOOL_CONVERSION = YES;
				CLANG_WARN_COMMA = YES;
				CLANG_WARN_CONSTANT_CONVERSION = YES;
				CLANG_WARN_DEPRECATED_OBJC_IMPLEMENTATIONS = YES;
				CLANG_WARN_DIRECT_OBJC_ISA_USAGE = YES_ERROR;
				CLANG_WARN_DOCUMENTATION_COMMENTS = YES;
				CLANG_WARN_EMPTY_BODY = YES;
				CLANG_WARN_ENUM_CONVERSION = YES;
				CLANG_WARN_INFINITE_RECURSION = YES;
				CLANG_WARN_INT_CONVERSION = YES;
				CLANG_WARN_NON_LITERAL_NULL_CONVERSION = YES;
				CLANG_WARN_OBJC_IMPLICIT_RETAIN_SELF = YES;
				CLANG_WARN_OBJC_LITERAL_CONVERSION = YES;
				CLANG_WARN_OBJC_ROOT_CLASS = YES_ERROR;
				CLANG_WARN_QUOTED_INCLUDE_IN_FRAMEWORK_HEADER = YES;
				CLANG_WARN_RANGE_LOOP_ANALYSIS = YES;
				CLANG_WARN_STRICT_PROTOTYPES = YES;
				CLANG_WARN_SUSPICIOUS_MOVE = YES;
				CLANG_WARN_UNGUARDED_AVAILABILITY = YES_AGGRESSIVE;
				CLANG_WARN_UNREACHABLE_CODE = YES;
				CLANG_WARN__DUPLICATE_METHOD_MATCH = YES;
				COPY_PHASE_STRIP = NO;
				DEBUG_INFORMATION_FORMAT = "dwarf-with-dsym";
				ENABLE_NS_ASSERTIONS = NO;
				ENABLE_STRICT_OBJC_MSGSEND = YES;
				GCC_C_LANGUAGE_STANDARD = gnu11;
				GCC_NO_COMMON_BLOCKS = YES;
				GCC_WARN_64_TO_32_BIT_CONVERSION = YES;
				GCC_WARN_ABOUT_RETURN_TYPE = YES_ERROR;
				GCC_WARN_UNDECLARED_SELECTOR = YES;
				GCC_WARN_UNINITIALIZED_AUTOS = YES_AGGRESSIVE;
				GCC_WARN_UNUSED_FUNCTION = YES;
				GCC_WARN_UNUSED_VARIABLE = YES;
				IPHONEOS_DEPLOYMENT_TARGET = 16.2;
				MTL_ENABLE_DEBUG_INFO = NO;
				MTL_FAST_MATH = YES;
				SDKROOT = iphoneos;
				SWIFT_COMPILATION_MODE = wholemodule;
				SWIFT_OPTIMIZATION_LEVEL = "-O";
				VALIDATE_PRODUCT = YES;
			};
			name = Release;
		};
		C22EAD882A77616A00420C7B /* Debug */ = {
			isa = XCBuildConfiguration;
			buildSettings = {
				ASSETCATALOG_COMPILER_APPICON_NAME = AppIcon;
				ASSETCATALOG_COMPILER_GLOBAL_ACCENT_COLOR_NAME = AccentColor;
				CODE_SIGN_STYLE = Automatic;
				CURRENT_PROJECT_VERSION = 1;
				DEVELOPMENT_TEAM = PTUCTZC4VF;
				GENERATE_INFOPLIST_FILE = YES;
				INFOPLIST_FILE = DecodeWithKeyPath/Info.plist;
				INFOPLIST_KEY_UIApplicationSupportsIndirectInputEvents = YES;
				INFOPLIST_KEY_UILaunchStoryboardName = LaunchScreen;
				INFOPLIST_KEY_UIMainStoryboardFile = Main;
				INFOPLIST_KEY_UISupportedInterfaceOrientations_iPad = "UIInterfaceOrientationPortrait UIInterfaceOrientationPortraitUpsideDown UIInterfaceOrientationLandscapeLeft UIInterfaceOrientationLandscapeRight";
				INFOPLIST_KEY_UISupportedInterfaceOrientations_iPhone = "UIInterfaceOrientationPortrait UIInterfaceOrientationLandscapeLeft UIInterfaceOrientationLandscapeRight";
				IPHONEOS_DEPLOYMENT_TARGET = 13.0;
				LD_RUNPATH_SEARCH_PATHS = (
					"$(inherited)",
					"@executable_path/Frameworks",
				);
				MARKETING_VERSION = 1.0;
				PRODUCT_BUNDLE_IDENTIFIER = com.myl.DecodeWithKeyPath;
				PRODUCT_NAME = "$(TARGET_NAME)";
				SWIFT_EMIT_LOC_STRINGS = YES;
				SWIFT_VERSION = 5.0;
				TARGETED_DEVICE_FAMILY = "1,2";
			};
			name = Debug;
		};
		C22EAD892A77616A00420C7B /* Release */ = {
			isa = XCBuildConfiguration;
			buildSettings = {
				ASSETCATALOG_COMPILER_APPICON_NAME = AppIcon;
				ASSETCATALOG_COMPILER_GLOBAL_ACCENT_COLOR_NAME = AccentColor;
				CODE_SIGN_STYLE = Automatic;
				CURRENT_PROJECT_VERSION = 1;
				DEVELOPMENT_TEAM = PTUCTZC4VF;
				GENERATE_INFOPLIST_FILE = YES;
				INFOPLIST_FILE = DecodeWithKeyPath/Info.plist;
				INFOPLIST_KEY_UIApplicationSupportsIndirectInputEvents = YES;
				INFOPLIST_KEY_UILaunchStoryboardName = LaunchScreen;
				INFOPLIST_KEY_UIMainStoryboardFile = Main;
				INFOPLIST_KEY_UISupportedInterfaceOrientations_iPad = "UIInterfaceOrientationPortrait UIInterfaceOrientationPortraitUpsideDown UIInterfaceOrientationLandscapeLeft UIInterfaceOrientationLandscapeRight";
				INFOPLIST_KEY_UISupportedInterfaceOrientations_iPhone = "UIInterfaceOrientationPortrait UIInterfaceOrientationLandscapeLeft UIInterfaceOrientationLandscapeRight";
				IPHONEOS_DEPLOYMENT_TARGET = 13.0;
				LD_RUNPATH_SEARCH_PATHS = (
					"$(inherited)",
					"@executable_path/Frameworks",
				);
				MARKETING_VERSION = 1.0;
				PRODUCT_BUNDLE_IDENTIFIER = com.myl.DecodeWithKeyPath;
				PRODUCT_NAME = "$(TARGET_NAME)";
				SWIFT_EMIT_LOC_STRINGS = YES;
				SWIFT_VERSION = 5.0;
				TARGETED_DEVICE_FAMILY = "1,2";
			};
			name = Release;
		};
/* End XCBuildConfiguration section */

/* Begin XCConfigurationList section */
		C22EAD6E2A77616700420C7B /* Build configuration list for PBXProject "DecodeWithKeyPath" */ = {
			isa = XCConfigurationList;
			buildConfigurations = (
				C22EAD852A77616A00420C7B /* Debug */,
				C22EAD862A77616A00420C7B /* Release */,
			);
			defaultConfigurationIsVisible = 0;
			defaultConfigurationName = Release;
		};
		C22EAD872A77616A00420C7B /* Build configuration list for PBXNativeTarget "DecodeWithKeyPath" */ = {
			isa = XCConfigurationList;
			buildConfigurations = (
				C22EAD882A77616A00420C7B /* Debug */,
				C22EAD892A77616A00420C7B /* Release */,
			);
			defaultConfigurationIsVisible = 0;
			defaultConfigurationName = Release;
		};
/* End XCConfigurationList section */
	};
	rootObject = C22EAD6B2A77616700420C7B /* Project object */;
}
