// !$*UTF8*$!
{
	archiveVersion = 1;
	classes = {
	};
	objectVersion = 50;
	objects = {

/* Begin PBXBuildFile section */
		C2266CA425809FD7009E7170 /* AppDelegate.swift in Sources */ = {isa = PBXBuildFile; fileRef = C2266CA325809FD7009E7170 /* AppDelegate.swift */; };
		C2266CA625809FD7009E7170 /* SceneDelegate.swift in Sources */ = {isa = PBXBuildFile; fileRef = C2266CA525809FD7009E7170 /* SceneDelegate.swift */; };
		C2266CA825809FD7009E7170 /* ViewController.swift in Sources */ = {isa = PBXBuildFile; fileRef = C2266CA725809FD7009E7170 /* ViewController.swift */; };
		C2266CAB25809FD7009E7170 /* Main.storyboard in Resources */ = {isa = PBXBuildFile; fileRef = C2266CA925809FD7009E7170 /* Main.storyboard */; };
		C2266CAD25809FD9009E7170 /* Assets.xcassets in Resources */ = {isa = PBXBuildFile; fileRef = C2266CAC25809FD9009E7170 /* Assets.xcassets */; };
		C2266CB025809FD9009E7170 /* LaunchScreen.storyboard in Resources */ = {isa = PBXBuildFile; fileRef = C2266CAE25809FD9009E7170 /* LaunchScreen.storyboard */; };
		C2266CBC2580A015009E7170 /* FirstVC.swift in Sources */ = {isa = PBXBuildFile; fileRef = C2266CBB2580A015009E7170 /* FirstVC.swift */; };
		C2266CBF2580A042009E7170 /* FirstVC.xib in Resources */ = {isa = PBXBuildFile; fileRef = C2266CBE2580A042009E7170 /* FirstVC.xib */; };
		C2266CC22580A293009E7170 /* SecondVC.swift in Sources */ = {isa = PBXBuildFile; fileRef = C2266CC12580A293009E7170 /* SecondVC.swift */; };
/* End PBXBuildFile section */

/* Begin PBXFileReference section */
		C2266CA025809FD7009E7170 /* JustVCsViewAsSubViewTest.app */ = {isa = PBXFileReference; explicitFileType = wrapper.application; includeInIndex = 0; path = JustVCsViewAsSubViewTest.app; sourceTree = BUILT_PRODUCTS_DIR; };
		C2266CA325809FD7009E7170 /* AppDelegate.swift */ = {isa = PBXFileReference; lastKnownFileType = sourcecode.swift; path = AppDelegate.swift; sourceTree = "<group>"; };
		C2266CA525809FD7009E7170 /* SceneDelegate.swift */ = {isa = PBXFileReference; lastKnownFileType = sourcecode.swift; path = SceneDelegate.swift; sourceTree = "<group>"; };
		C2266CA725809FD7009E7170 /* ViewController.swift */ = {isa = PBXFileReference; lastKnownFileType = sourcecode.swift; path = ViewController.swift; sourceTree = "<group>"; };
		C2266CAA25809FD7009E7170 /* Base */ = {isa = PBXFileReference; lastKnownFileType = file.storyboard; name = Base; path = Base.lproj/Main.storyboard; sourceTree = "<group>"; };
		C2266CAC25809FD9009E7170 /* Assets.xcassets */ = {isa = PBXFileReference; lastKnownFileType = folder.assetcatalog; path = Assets.xcassets; sourceTree = "<group>"; };
		C2266CAF25809FD9009E7170 /* Base */ = {isa = PBXFileReference; lastKnownFileType = file.storyboard; name = Base; path = Base.lproj/LaunchScreen.storyboard; sourceTree = "<group>"; };
		C2266CB125809FD9009E7170 /* Info.plist */ = {isa = PBXFileReference; lastKnownFileType = text.plist.xml; path = Info.plist; sourceTree = "<group>"; };
		C2266CBB2580A015009E7170 /* FirstVC.swift */ = {isa = PBXFileReference; lastKnownFileType = sourcecode.swift; path = FirstVC.swift; sourceTree = "<group>"; };
		C2266CBE2580A042009E7170 /* FirstVC.xib */ = {isa = PBXFileReference; lastKnownFileType = file.xib; path = FirstVC.xib; sourceTree = "<group>"; };
		C2266CC12580A293009E7170 /* SecondVC.swift */ = {isa = PBXFileReference; lastKnownFileType = sourcecode.swift; path = SecondVC.swift; sourceTree = "<group>"; };
/* End PBXFileReference section */

/* Begin PBXFrameworksBuildPhase section */
		C2266C9D25809FD7009E7170 /* Frameworks */ = {
			isa = PBXFrameworksBuildPhase;
			buildActionMask = 2147483647;
			files = (
			);
			runOnlyForDeploymentPostprocessing = 0;
		};
/* End PBXFrameworksBuildPhase section */

/* Begin PBXGroup section */
		C2266C9725809FD7009E7170 = {
			isa = PBXGroup;
			children = (
				C2266CA225809FD7009E7170 /* JustVCsViewAsSubViewTest */,
				C2266CA125809FD7009E7170 /* Products */,
			);
			sourceTree = "<group>";
		};
		C2266CA125809FD7009E7170 /* Products */ = {
			isa = PBXGroup;
			children = (
				C2266CA025809FD7009E7170 /* JustVCsViewAsSubViewTest.app */,
			);
			name = Products;
			sourceTree = "<group>";
		};
		C2266CA225809FD7009E7170 /* JustVCsViewAsSubViewTest */ = {
			isa = PBXGroup;
			children = (
				C2266CA325809FD7009E7170 /* AppDelegate.swift */,
				C2266CA525809FD7009E7170 /* SceneDelegate.swift */,
				C2266CA725809FD7009E7170 /* ViewController.swift */,
				C2266CBB2580A015009E7170 /* FirstVC.swift */,
				C2266CBE2580A042009E7170 /* FirstVC.xib */,
				C2266CC12580A293009E7170 /* SecondVC.swift */,
				C2266CA925809FD7009E7170 /* Main.storyboard */,
				C2266CAC25809FD9009E7170 /* Assets.xcassets */,
				C2266CAE25809FD9009E7170 /* LaunchScreen.storyboard */,
				C2266CB125809FD9009E7170 /* Info.plist */,
			);
			path = JustVCsViewAsSubViewTest;
			sourceTree = "<group>";
		};
/* End PBXGroup section */

/* Begin PBXNativeTarget section */
		C2266C9F25809FD7009E7170 /* JustVCsViewAsSubViewTest */ = {
			isa = PBXNativeTarget;
			buildConfigurationList = C2266CB425809FD9009E7170 /* Build configuration list for PBXNativeTarget "JustVCsViewAsSubViewTest" */;
			buildPhases = (
				C2266C9C25809FD7009E7170 /* Sources */,
				C2266C9D25809FD7009E7170 /* Frameworks */,
				C2266C9E25809FD7009E7170 /* Resources */,
			);
			buildRules = (
			);
			dependencies = (
			);
			name = JustVCsViewAsSubViewTest;
			productName = JustVCsViewAsSubViewTest;
			productReference = C2266CA025809FD7009E7170 /* JustVCsViewAsSubViewTest.app */;
			productType = "com.apple.product-type.application";
		};
/* End PBXNativeTarget section */

/* Begin PBXProject section */
		C2266C9825809FD7009E7170 /* Project object */ = {
			isa = PBXProject;
			attributes = {
				LastSwiftUpdateCheck = 1200;
				LastUpgradeCheck = 1200;
				TargetAttributes = {
					C2266C9F25809FD7009E7170 = {
						CreatedOnToolsVersion = 12.0.1;
					};
				};
			};
			buildConfigurationList = C2266C9B25809FD7009E7170 /* Build configuration list for PBXProject "JustVCsViewAsSubViewTest" */;
			compatibilityVersion = "Xcode 9.3";
			developmentRegion = en;
			hasScannedForEncodings = 0;
			knownRegions = (
				en,
				Base,
			);
			mainGroup = C2266C9725809FD7009E7170;
			productRefGroup = C2266CA125809FD7009E7170 /* Products */;
			projectDirPath = "";
			projectRoot = "";
			targets = (
				C2266C9F25809FD7009E7170 /* JustVCsViewAsSubViewTest */,
			);
		};
/* End PBXProject section */

/* Begin PBXResourcesBuildPhase section */
		C2266C9E25809FD7009E7170 /* Resources */ = {
			isa = PBXResourcesBuildPhase;
			buildActionMask = 2147483647;
			files = (
				C2266CB025809FD9009E7170 /* LaunchScreen.storyboard in Resources */,
				C2266CBF2580A042009E7170 /* FirstVC.xib in Resources */,
				C2266CAD25809FD9009E7170 /* Assets.xcassets in Resources */,
				C2266CAB25809FD7009E7170 /* Main.storyboard in Resources */,
			);
			runOnlyForDeploymentPostprocessing = 0;
		};
/* End PBXResourcesBuildPhase section */

/* Begin PBXSourcesBuildPhase section */
		C2266C9C25809FD7009E7170 /* Sources */ = {
			isa = PBXSourcesBuildPhase;
			buildActionMask = 2147483647;
			files = (
				C2266CA825809FD7009E7170 /* ViewController.swift in Sources */,
				C2266CC22580A293009E7170 /* SecondVC.swift in Sources */,
				C2266CBC2580A015009E7170 /* FirstVC.swift in Sources */,
				C2266CA425809FD7009E7170 /* AppDelegate.swift in Sources */,
				C2266CA625809FD7009E7170 /* SceneDelegate.swift in Sources */,
			);
			runOnlyForDeploymentPostprocessing = 0;
		};
/* End PBXSourcesBuildPhase section */

/* Begin PBXVariantGroup section */
		C2266CA925809FD7009E7170 /* Main.storyboard */ = {
			isa = PBXVariantGroup;
			children = (
				C2266CAA25809FD7009E7170 /* Base */,
			);
			name = Main.storyboard;
			sourceTree = "<group>";
		};
		C2266CAE25809FD9009E7170 /* LaunchScreen.storyboard */ = {
			isa = PBXVariantGroup;
			children = (
				C2266CAF25809FD9009E7170 /* Base */,
			);
			name = LaunchScreen.storyboard;
			sourceTree = "<group>";
		};
/* End PBXVariantGroup section */

/* Begin XCBuildConfiguration section */
		C2266CB225809FD9009E7170 /* Debug */ = {
			isa = XCBuildConfiguration;
			buildSettings = {
				ALWAYS_SEARCH_USER_PATHS = NO;
				CLANG_ANALYZER_NONNULL = YES;
				CLANG_ANALYZER_NUMBER_OBJECT_CONVERSION = YES_AGGRESSIVE;
				CLANG_CXX_LANGUAGE_STANDARD = "gnu++14";
				CLANG_CXX_LIBRARY = "libc++";
				CLANG_ENABLE_MODULES = YES;
				CLANG_ENABLE_OBJC_ARC = YES;
				CLANG_ENABLE_OBJC_WEAK = YES;
				CLANG_WARN_BLOCK_CAPTURE_AUTORELEASING = YES;
				CLANG_WARN_BOOL_CONVERSION = YES;
				CLANG_WARN_COMMA = YES;
				CLANG_WARN_CONSTANT_CONVERSION = YES;
				CLANG_WARN_DEPRECATED_OBJC_IMPLEMENTATIONS = YES;
				CLANG_WARN_DIRECT_OBJC_ISA_USAGE = YES_ERROR;
				CLANG_WARN_DOCUMENTATION_COMMENTS = YES;
				CLANG_WARN_EMPTY_BODY = YES;
				CLANG_WARN_ENUM_CONVERSION = YES;
				CLANG_WARN_INFINITE_RECURSION = YES;
				CLANG_WARN_INT_CONVERSION = YES;
				CLANG_WARN_NON_LITERAL_NULL_CONVERSION = YES;
				CLANG_WARN_OBJC_IMPLICIT_RETAIN_SELF = YES;
				CLANG_WARN_OBJC_LITERAL_CONVERSION = YES;
				CLANG_WARN_OBJC_ROOT_CLASS = YES_ERROR;
				CLANG_WARN_QUOTED_INCLUDE_IN_FRAMEWORK_HEADER = YES;
				CLANG_WARN_RANGE_LOOP_ANALYSIS = YES;
				CLANG_WARN_STRICT_PROTOTYPES = YES;
				CLANG_WARN_SUSPICIOUS_MOVE = YES;
				CLANG_WARN_UNGUARDED_AVAILABILITY = YES_AGGRESSIVE;
				CLANG_WARN_UNREACHABLE_CODE = YES;
				CLANG_WARN__DUPLICATE_METHOD_MATCH = YES;
				COPY_PHASE_STRIP = NO;
				DEBUG_INFORMATION_FORMAT = dwarf;
				ENABLE_STRICT_OBJC_MSGSEND = YES;
				ENABLE_TESTABILITY = YES;
				GCC_C_LANGUAGE_STANDARD = gnu11;
				GCC_DYNAMIC_NO_PIC = NO;
				GCC_NO_COMMON_BLOCKS = YES;
				GCC_OPTIMIZATION_LEVEL = 0;
				GCC_PREPROCESSOR_DEFINITIONS = (
					"DEBUG=1",
					"$(inherited)",
				);
				GCC_WARN_64_TO_32_BIT_CONVERSION = YES;
				GCC_WARN_ABOUT_RETURN_TYPE = YES_ERROR;
				GCC_WARN_UNDECLARED_SELECTOR = YES;
				GCC_WARN_UNINITIALIZED_AUTOS = YES_AGGRESSIVE;
				GCC_WARN_UNUSED_FUNCTION = YES;
				GCC_WARN_UNUSED_VARIABLE = YES;
				IPHONEOS_DEPLOYMENT_TARGET = 14.0;
				MTL_ENABLE_DEBUG_INFO = INCLUDE_SOURCE;
				MTL_FAST_MATH = YES;
				ONLY_ACTIVE_ARCH = YES;
				SDKROOT = iphoneos;
				SWIFT_ACTIVE_COMPILATION_CONDITIONS = DEBUG;
				SWIFT_OPTIMIZATION_LEVEL = "-Onone";
			};
			name = Debug;
		};
		C2266CB325809FD9009E7170 /* Release */ = {
			isa = XCBuildConfiguration;
			buildSettings = {
				ALWAYS_SEARCH_USER_PATHS = NO;
				CLANG_ANALYZER_NONNULL = YES;
				CLANG_ANALYZER_NUMBER_OBJECT_CONVERSION = YES_AGGRESSIVE;
				CLANG_CXX_LANGUAGE_STANDARD = "gnu++14";
				CLANG_CXX_LIBRARY = "libc++";
				CLANG_ENABLE_MODULES = YES;
				CLANG_ENABLE_OBJC_ARC = YES;
				CLANG_ENABLE_OBJC_WEAK = YES;
				CLANG_WARN_BLOCK_CAPTURE_AUTORELEASING = YES;
				CLANG_WARN_BOOL_CONVERSION = YES;
				CLANG_WARN_COMMA = YES;
				CLANG_WARN_CONSTANT_CONVERSION = YES;
				CLANG_WARN_DEPRECATED_OBJC_IMPLEMENTATIONS = YES;
				CLANG_WARN_DIRECT_OBJC_ISA_USAGE = YES_ERROR;
				CLANG_WARN_DOCUMENTATION_COMMENTS = YES;
				CLANG_WARN_EMPTY_BODY = YES;
				CLANG_WARN_ENUM_CONVERSION = YES;
				CLANG_WARN_INFINITE_RECURSION = YES;
				CLANG_WARN_INT_CONVERSION = YES;
				CLANG_WARN_NON_LITERAL_NULL_CONVERSION = YES;
				CLANG_WARN_OBJC_IMPLICIT_RETAIN_SELF = YES;
				CLANG_WARN_OBJC_LITERAL_CONVERSION = YES;
				CLANG_WARN_OBJC_ROOT_CLASS = YES_ERROR;
				CLANG_WARN_QUOTED_INCLUDE_IN_FRAMEWORK_HEADER = YES;
				CLANG_WARN_RANGE_LOOP_ANALYSIS = YES;
				CLANG_WARN_STRICT_PROTOTYPES = YES;
				CLANG_WARN_SUSPICIOUS_MOVE = YES;
				CLANG_WARN_UNGUARDED_AVAILABILITY = YES_AGGRESSIVE;
				CLANG_WARN_UNREACHABLE_CODE = YES;
				CLANG_WARN__DUPLICATE_METHOD_MATCH = YES;
				COPY_PHASE_STRIP = NO;
				DEBUG_INFORMATION_FORMAT = "dwarf-with-dsym";
				ENABLE_NS_ASSERTIONS = NO;
				ENABLE_STRICT_OBJC_MSGSEND = YES;
				GCC_C_LANGUAGE_STANDARD = gnu11;
				GCC_NO_COMMON_BLOCKS = YES;
				GCC_WARN_64_TO_32_BIT_CONVERSION = YES;
				GCC_WARN_ABOUT_RETURN_TYPE = YES_ERROR;
				GCC_WARN_UNDECLARED_SELECTOR = YES;
				GCC_WARN_UNINITIALIZED_AUTOS = YES_AGGRESSIVE;
				GCC_WARN_UNUSED_FUNCTION = YES;
				GCC_WARN_UNUSED_VARIABLE = YES;
				IPHONEOS_DEPLOYMENT_TARGET = 14.0;
				MTL_ENABLE_DEBUG_INFO = NO;
				MTL_FAST_MATH = YES;
				SDKROOT = iphoneos;
				SWIFT_COMPILATION_MODE = wholemodule;
				SWIFT_OPTIMIZATION_LEVEL = "-O";
				VALIDATE_PRODUCT = YES;
			};
			name = Release;
		};
		C2266CB525809FD9009E7170 /* Debug */ = {
			isa = XCBuildConfiguration;
			buildSettings = {
				ASSETCATALOG_COMPILER_APPICON_NAME = AppIcon;
				ASSETCATALOG_COMPILER_GLOBAL_ACCENT_COLOR_NAME = AccentColor;
				CODE_SIGN_STYLE = Automatic;
				DEVELOPMENT_TEAM = C5MCKBCJ7H;
				INFOPLIST_FILE = JustVCsViewAsSubViewTest/Info.plist;
				IPHONEOS_DEPLOYMENT_TARGET = 13.0;
				LD_RUNPATH_SEARCH_PATHS = (
					"$(inherited)",
					"@executable_path/Frameworks",
				);
				PRODUCT_BUNDLE_IDENTIFIER = com.126.myldast1.JustVCsViewAsSubViewTest;
				PRODUCT_NAME = "$(TARGET_NAME)";
				SWIFT_VERSION = 5.0;
				TARGETED_DEVICE_FAMILY = "1,2";
			};
			name = Debug;
		};
		C2266CB625809FD9009E7170 /* Release */ = {
			isa = XCBuildConfiguration;
			buildSettings = {
				ASSETCATALOG_COMPILER_APPICON_NAME = AppIcon;
				ASSETCATALOG_COMPILER_GLOBAL_ACCENT_COLOR_NAME = AccentColor;
				CODE_SIGN_STYLE = Automatic;
				DEVELOPMENT_TEAM = C5MCKBCJ7H;
				INFOPLIST_FILE = JustVCsViewAsSubViewTest/Info.plist;
				IPHONEOS_DEPLOYMENT_TARGET = 13.0;
				LD_RUNPATH_SEARCH_PATHS = (
					"$(inherited)",
					"@executable_path/Frameworks",
				);
				PRODUCT_BUNDLE_IDENTIFIER = com.126.myldast1.JustVCsViewAsSubViewTest;
				PRODUCT_NAME = "$(TARGET_NAME)";
				SWIFT_VERSION = 5.0;
				TARGETED_DEVICE_FAMILY = "1,2";
			};
			name = Release;
		};
/* End XCBuildConfiguration section */

/* Begin XCConfigurationList section */
		C2266C9B25809FD7009E7170 /* Build configuration list for PBXProject "JustVCsViewAsSubViewTest" */ = {
			isa = XCConfigurationList;
			buildConfigurations = (
				C2266CB225809FD9009E7170 /* Debug */,
				C2266CB325809FD9009E7170 /* Release */,
			);
			defaultConfigurationIsVisible = 0;
			defaultConfigurationName = Release;
		};
		C2266CB425809FD9009E7170 /* Build configuration list for PBXNativeTarget "JustVCsViewAsSubViewTest" */ = {
			isa = XCConfigurationList;
			buildConfigurations = (
				C2266CB525809FD9009E7170 /* Debug */,
				C2266CB625809FD9009E7170 /* Release */,
			);
			defaultConfigurationIsVisible = 0;
			defaultConfigurationName = Release;
		};
/* End XCConfigurationList section */
	};
	rootObject = C2266C9825809FD7009E7170 /* Project object */;
}
