// !$*UTF8*$!
{
	archiveVersion = 1;
	classes = {
	};
	objectVersion = 50;
	objects = {

/* Begin PBXBuildFile section */
		C2F3FED326CF54A4007D4A2F /* AppDelegate.swift in Sources */ = {isa = PBXBuildFile; fileRef = C2F3FED226CF54A4007D4A2F /* AppDelegate.swift */; };
		C2F3FED526CF54A4007D4A2F /* SceneDelegate.swift in Sources */ = {isa = PBXBuildFile; fileRef = C2F3FED426CF54A4007D4A2F /* SceneDelegate.swift */; };
		C2F3FED726CF54A4007D4A2F /* ViewController.swift in Sources */ = {isa = PBXBuildFile; fileRef = C2F3FED626CF54A4007D4A2F /* ViewController.swift */; };
		C2F3FEDA26CF54A4007D4A2F /* Main.storyboard in Resources */ = {isa = PBXBuildFile; fileRef = C2F3FED826CF54A4007D4A2F /* Main.storyboard */; };
		C2F3FEDC26CF54A6007D4A2F /* Assets.xcassets in Resources */ = {isa = PBXBuildFile; fileRef = C2F3FEDB26CF54A6007D4A2F /* Assets.xcassets */; };
		C2F3FEDF26CF54A6007D4A2F /* LaunchScreen.storyboard in Resources */ = {isa = PBXBuildFile; fileRef = C2F3FEDD26CF54A6007D4A2F /* LaunchScreen.storyboard */; };
		C2F3FEE826CF54B4007D4A2F /* SecVC.swift in Sources */ = {isa = PBXBuildFile; fileRef = C2F3FEE726CF54B4007D4A2F /* SecVC.swift */; };
/* End PBXBuildFile section */

/* Begin PBXFileReference section */
		C2F3FECF26CF54A4007D4A2F /* RetainCycleTest.app */ = {isa = PBXFileReference; explicitFileType = wrapper.application; includeInIndex = 0; path = RetainCycleTest.app; sourceTree = BUILT_PRODUCTS_DIR; };
		C2F3FED226CF54A4007D4A2F /* AppDelegate.swift */ = {isa = PBXFileReference; lastKnownFileType = sourcecode.swift; path = AppDelegate.swift; sourceTree = "<group>"; };
		C2F3FED426CF54A4007D4A2F /* SceneDelegate.swift */ = {isa = PBXFileReference; lastKnownFileType = sourcecode.swift; path = SceneDelegate.swift; sourceTree = "<group>"; };
		C2F3FED626CF54A4007D4A2F /* ViewController.swift */ = {isa = PBXFileReference; lastKnownFileType = sourcecode.swift; path = ViewController.swift; sourceTree = "<group>"; };
		C2F3FED926CF54A4007D4A2F /* Base */ = {isa = PBXFileReference; lastKnownFileType = file.storyboard; name = Base; path = Base.lproj/Main.storyboard; sourceTree = "<group>"; };
		C2F3FEDB26CF54A6007D4A2F /* Assets.xcassets */ = {isa = PBXFileReference; lastKnownFileType = folder.assetcatalog; path = Assets.xcassets; sourceTree = "<group>"; };
		C2F3FEDE26CF54A6007D4A2F /* Base */ = {isa = PBXFileReference; lastKnownFileType = file.storyboard; name = Base; path = Base.lproj/LaunchScreen.storyboard; sourceTree = "<group>"; };
		C2F3FEE026CF54A6007D4A2F /* Info.plist */ = {isa = PBXFileReference; lastKnownFileType = text.plist.xml; path = Info.plist; sourceTree = "<group>"; };
		C2F3FEE726CF54B4007D4A2F /* SecVC.swift */ = {isa = PBXFileReference; lastKnownFileType = sourcecode.swift; path = SecVC.swift; sourceTree = "<group>"; };
/* End PBXFileReference section */

/* Begin PBXFrameworksBuildPhase section */
		C2F3FECC26CF54A4007D4A2F /* Frameworks */ = {
			isa = PBXFrameworksBuildPhase;
			buildActionMask = 2147483647;
			files = (
			);
			runOnlyForDeploymentPostprocessing = 0;
		};
/* End PBXFrameworksBuildPhase section */

/* Begin PBXGroup section */
		C2F3FEC626CF54A4007D4A2F = {
			isa = PBXGroup;
			children = (
				C2F3FED126CF54A4007D4A2F /* RetainCycleTest */,
				C2F3FED026CF54A4007D4A2F /* Products */,
			);
			sourceTree = "<group>";
		};
		C2F3FED026CF54A4007D4A2F /* Products */ = {
			isa = PBXGroup;
			children = (
				C2F3FECF26CF54A4007D4A2F /* RetainCycleTest.app */,
			);
			name = Products;
			sourceTree = "<group>";
		};
		C2F3FED126CF54A4007D4A2F /* RetainCycleTest */ = {
			isa = PBXGroup;
			children = (
				C2F3FED226CF54A4007D4A2F /* AppDelegate.swift */,
				C2F3FED426CF54A4007D4A2F /* SceneDelegate.swift */,
				C2F3FED626CF54A4007D4A2F /* ViewController.swift */,
				C2F3FEE726CF54B4007D4A2F /* SecVC.swift */,
				C2F3FED826CF54A4007D4A2F /* Main.storyboard */,
				C2F3FEDB26CF54A6007D4A2F /* Assets.xcassets */,
				C2F3FEDD26CF54A6007D4A2F /* LaunchScreen.storyboard */,
				C2F3FEE026CF54A6007D4A2F /* Info.plist */,
			);
			path = RetainCycleTest;
			sourceTree = "<group>";
		};
/* End PBXGroup section */

/* Begin PBXNativeTarget section */
		C2F3FECE26CF54A4007D4A2F /* RetainCycleTest */ = {
			isa = PBXNativeTarget;
			buildConfigurationList = C2F3FEE326CF54A6007D4A2F /* Build configuration list for PBXNativeTarget "RetainCycleTest" */;
			buildPhases = (
				C2F3FECB26CF54A4007D4A2F /* Sources */,
				C2F3FECC26CF54A4007D4A2F /* Frameworks */,
				C2F3FECD26CF54A4007D4A2F /* Resources */,
			);
			buildRules = (
			);
			dependencies = (
			);
			name = RetainCycleTest;
			productName = RetainCycleTest;
			productReference = C2F3FECF26CF54A4007D4A2F /* RetainCycleTest.app */;
			productType = "com.apple.product-type.application";
		};
/* End PBXNativeTarget section */

/* Begin PBXProject section */
		C2F3FEC726CF54A4007D4A2F /* Project object */ = {
			isa = PBXProject;
			attributes = {
				LastSwiftUpdateCheck = 1230;
				LastUpgradeCheck = 1230;
				TargetAttributes = {
					C2F3FECE26CF54A4007D4A2F = {
						CreatedOnToolsVersion = 12.3;
					};
				};
			};
			buildConfigurationList = C2F3FECA26CF54A4007D4A2F /* Build configuration list for PBXProject "RetainCycleTest" */;
			compatibilityVersion = "Xcode 9.3";
			developmentRegion = en;
			hasScannedForEncodings = 0;
			knownRegions = (
				en,
				Base,
			);
			mainGroup = C2F3FEC626CF54A4007D4A2F;
			productRefGroup = C2F3FED026CF54A4007D4A2F /* Products */;
			projectDirPath = "";
			projectRoot = "";
			targets = (
				C2F3FECE26CF54A4007D4A2F /* RetainCycleTest */,
			);
		};
/* End PBXProject section */

/* Begin PBXResourcesBuildPhase section */
		C2F3FECD26CF54A4007D4A2F /* Resources */ = {
			isa = PBXResourcesBuildPhase;
			buildActionMask = 2147483647;
			files = (
				C2F3FEDF26CF54A6007D4A2F /* LaunchScreen.storyboard in Resources */,
				C2F3FEDC26CF54A6007D4A2F /* Assets.xcassets in Resources */,
				C2F3FEDA26CF54A4007D4A2F /* Main.storyboard in Resources */,
			);
			runOnlyForDeploymentPostprocessing = 0;
		};
/* End PBXResourcesBuildPhase section */

/* Begin PBXSourcesBuildPhase section */
		C2F3FECB26CF54A4007D4A2F /* Sources */ = {
			isa = PBXSourcesBuildPhase;
			buildActionMask = 2147483647;
			files = (
				C2F3FED726CF54A4007D4A2F /* ViewController.swift in Sources */,
				C2F3FED326CF54A4007D4A2F /* AppDelegate.swift in Sources */,
				C2F3FEE826CF54B4007D4A2F /* SecVC.swift in Sources */,
				C2F3FED526CF54A4007D4A2F /* SceneDelegate.swift in Sources */,
			);
			runOnlyForDeploymentPostprocessing = 0;
		};
/* End PBXSourcesBuildPhase section */

/* Begin PBXVariantGroup section */
		C2F3FED826CF54A4007D4A2F /* Main.storyboard */ = {
			isa = PBXVariantGroup;
			children = (
				C2F3FED926CF54A4007D4A2F /* Base */,
			);
			name = Main.storyboard;
			sourceTree = "<group>";
		};
		C2F3FEDD26CF54A6007D4A2F /* LaunchScreen.storyboard */ = {
			isa = PBXVariantGroup;
			children = (
				C2F3FEDE26CF54A6007D4A2F /* Base */,
			);
			name = LaunchScreen.storyboard;
			sourceTree = "<group>";
		};
/* End PBXVariantGroup section */

/* Begin XCBuildConfiguration section */
		C2F3FEE126CF54A6007D4A2F /* Debug */ = {
			isa = XCBuildConfiguration;
			buildSettings = {
				ALWAYS_SEARCH_USER_PATHS = NO;
				CLANG_ANALYZER_NONNULL = YES;
				CLANG_ANALYZER_NUMBER_OBJECT_CONVERSION = YES_AGGRESSIVE;
				CLANG_CXX_LANGUAGE_STANDARD = "gnu++14";
				CLANG_CXX_LIBRARY = "libc++";
				CLANG_ENABLE_MODULES = YES;
				CLANG_ENABLE_OBJC_ARC = YES;
				CLANG_ENABLE_OBJC_WEAK = YES;
				CLANG_WARN_BLOCK_CAPTURE_AUTORELEASING = YES;
				CLANG_WARN_BOOL_CONVERSION = YES;
				CLANG_WARN_COMMA = YES;
				CLANG_WARN_CONSTANT_CONVERSION = YES;
				CLANG_WARN_DEPRECATED_OBJC_IMPLEMENTATIONS = YES;
				CLANG_WARN_DIRECT_OBJC_ISA_USAGE = YES_ERROR;
				CLANG_WARN_DOCUMENTATION_COMMENTS = YES;
				CLANG_WARN_EMPTY_BODY = YES;
				CLANG_WARN_ENUM_CONVERSION = YES;
				CLANG_WARN_INFINITE_RECURSION = YES;
				CLANG_WARN_INT_CONVERSION = YES;
				CLANG_WARN_NON_LITERAL_NULL_CONVERSION = YES;
				CLANG_WARN_OBJC_IMPLICIT_RETAIN_SELF = YES;
				CLANG_WARN_OBJC_LITERAL_CONVERSION = YES;
				CLANG_WARN_OBJC_ROOT_CLASS = YES_ERROR;
				CLANG_WARN_QUOTED_INCLUDE_IN_FRAMEWORK_HEADER = YES;
				CLANG_WARN_RANGE_LOOP_ANALYSIS = YES;
				CLANG_WARN_STRICT_PROTOTYPES = YES;
				CLANG_WARN_SUSPICIOUS_MOVE = YES;
				CLANG_WARN_UNGUARDED_AVAILABILITY = YES_AGGRESSIVE;
				CLANG_WARN_UNREACHABLE_CODE = YES;
				CLANG_WARN__DUPLICATE_METHOD_MATCH = YES;
				COPY_PHASE_STRIP = NO;
				DEBUG_INFORMATION_FORMAT = dwarf;
				ENABLE_STRICT_OBJC_MSGSEND = YES;
				ENABLE_TESTABILITY = YES;
				GCC_C_LANGUAGE_STANDARD = gnu11;
				GCC_DYNAMIC_NO_PIC = NO;
				GCC_NO_COMMON_BLOCKS = YES;
				GCC_OPTIMIZATION_LEVEL = 0;
				GCC_PREPROCESSOR_DEFINITIONS = (
					"DEBUG=1",
					"$(inherited)",
				);
				GCC_WARN_64_TO_32_BIT_CONVERSION = YES;
				GCC_WARN_ABOUT_RETURN_TYPE = YES_ERROR;
				GCC_WARN_UNDECLARED_SELECTOR = YES;
				GCC_WARN_UNINITIALIZED_AUTOS = YES_AGGRESSIVE;
				GCC_WARN_UNUSED_FUNCTION = YES;
				GCC_WARN_UNUSED_VARIABLE = YES;
				IPHONEOS_DEPLOYMENT_TARGET = 14.3;
				MTL_ENABLE_DEBUG_INFO = INCLUDE_SOURCE;
				MTL_FAST_MATH = YES;
				ONLY_ACTIVE_ARCH = YES;
				SDKROOT = iphoneos;
				SWIFT_ACTIVE_COMPILATION_CONDITIONS = DEBUG;
				SWIFT_OPTIMIZATION_LEVEL = "-Onone";
			};
			name = Debug;
		};
		C2F3FEE226CF54A6007D4A2F /* Release */ = {
			isa = XCBuildConfiguration;
			buildSettings = {
				ALWAYS_SEARCH_USER_PATHS = NO;
				CLANG_ANALYZER_NONNULL = YES;
				CLANG_ANALYZER_NUMBER_OBJECT_CONVERSION = YES_AGGRESSIVE;
				CLANG_CXX_LANGUAGE_STANDARD = "gnu++14";
				CLANG_CXX_LIBRARY = "libc++";
				CLANG_ENABLE_MODULES = YES;
				CLANG_ENABLE_OBJC_ARC = YES;
				CLANG_ENABLE_OBJC_WEAK = YES;
				CLANG_WARN_BLOCK_CAPTURE_AUTORELEASING = YES;
				CLANG_WARN_BOOL_CONVERSION = YES;
				CLANG_WARN_COMMA = YES;
				CLANG_WARN_CONSTANT_CONVERSION = YES;
				CLANG_WARN_DEPRECATED_OBJC_IMPLEMENTATIONS = YES;
				CLANG_WARN_DIRECT_OBJC_ISA_USAGE = YES_ERROR;
				CLANG_WARN_DOCUMENTATION_COMMENTS = YES;
				CLANG_WARN_EMPTY_BODY = YES;
				CLANG_WARN_ENUM_CONVERSION = YES;
				CLANG_WARN_INFINITE_RECURSION = YES;
				CLANG_WARN_INT_CONVERSION = YES;
				CLANG_WARN_NON_LITERAL_NULL_CONVERSION = YES;
				CLANG_WARN_OBJC_IMPLICIT_RETAIN_SELF = YES;
				CLANG_WARN_OBJC_LITERAL_CONVERSION = YES;
				CLANG_WARN_OBJC_ROOT_CLASS = YES_ERROR;
				CLANG_WARN_QUOTED_INCLUDE_IN_FRAMEWORK_HEADER = YES;
				CLANG_WARN_RANGE_LOOP_ANALYSIS = YES;
				CLANG_WARN_STRICT_PROTOTYPES = YES;
				CLANG_WARN_SUSPICIOUS_MOVE = YES;
				CLANG_WARN_UNGUARDED_AVAILABILITY = YES_AGGRESSIVE;
				CLANG_WARN_UNREACHABLE_CODE = YES;
				CLANG_WARN__DUPLICATE_METHOD_MATCH = YES;
				COPY_PHASE_STRIP = NO;
				DEBUG_INFORMATION_FORMAT = "dwarf-with-dsym";
				ENABLE_NS_ASSERTIONS = NO;
				ENABLE_STRICT_OBJC_MSGSEND = YES;
				GCC_C_LANGUAGE_STANDARD = gnu11;
				GCC_NO_COMMON_BLOCKS = YES;
				GCC_WARN_64_TO_32_BIT_CONVERSION = YES;
				GCC_WARN_ABOUT_RETURN_TYPE = YES_ERROR;
				GCC_WARN_UNDECLARED_SELECTOR = YES;
				GCC_WARN_UNINITIALIZED_AUTOS = YES_AGGRESSIVE;
				GCC_WARN_UNUSED_FUNCTION = YES;
				GCC_WARN_UNUSED_VARIABLE = YES;
				IPHONEOS_DEPLOYMENT_TARGET = 14.3;
				MTL_ENABLE_DEBUG_INFO = NO;
				MTL_FAST_MATH = YES;
				SDKROOT = iphoneos;
				SWIFT_COMPILATION_MODE = wholemodule;
				SWIFT_OPTIMIZATION_LEVEL = "-O";
				VALIDATE_PRODUCT = YES;
			};
			name = Release;
		};
		C2F3FEE426CF54A6007D4A2F /* Debug */ = {
			isa = XCBuildConfiguration;
			buildSettings = {
				ASSETCATALOG_COMPILER_APPICON_NAME = AppIcon;
				ASSETCATALOG_COMPILER_GLOBAL_ACCENT_COLOR_NAME = AccentColor;
				CODE_SIGN_STYLE = Automatic;
				DEVELOPMENT_TEAM = PTUCTZC4VF;
				INFOPLIST_FILE = RetainCycleTest/Info.plist;
				LD_RUNPATH_SEARCH_PATHS = (
					"$(inherited)",
					"@executable_path/Frameworks",
				);
				PRODUCT_BUNDLE_IDENTIFIER = com.huatu.com.RetainCycleTest;
				PRODUCT_NAME = "$(TARGET_NAME)";
				SWIFT_VERSION = 5.0;
				TARGETED_DEVICE_FAMILY = "1,2";
			};
			name = Debug;
		};
		C2F3FEE526CF54A6007D4A2F /* Release */ = {
			isa = XCBuildConfiguration;
			buildSettings = {
				ASSETCATALOG_COMPILER_APPICON_NAME = AppIcon;
				ASSETCATALOG_COMPILER_GLOBAL_ACCENT_COLOR_NAME = AccentColor;
				CODE_SIGN_STYLE = Automatic;
				DEVELOPMENT_TEAM = PTUCTZC4VF;
				INFOPLIST_FILE = RetainCycleTest/Info.plist;
				LD_RUNPATH_SEARCH_PATHS = (
					"$(inherited)",
					"@executable_path/Frameworks",
				);
				PRODUCT_BUNDLE_IDENTIFIER = com.huatu.com.RetainCycleTest;
				PRODUCT_NAME = "$(TARGET_NAME)";
				SWIFT_VERSION = 5.0;
				TARGETED_DEVICE_FAMILY = "1,2";
			};
			name = Release;
		};
/* End XCBuildConfiguration section */

/* Begin XCConfigurationList section */
		C2F3FECA26CF54A4007D4A2F /* Build configuration list for PBXProject "RetainCycleTest" */ = {
			isa = XCConfigurationList;
			buildConfigurations = (
				C2F3FEE126CF54A6007D4A2F /* Debug */,
				C2F3FEE226CF54A6007D4A2F /* Release */,
			);
			defaultConfigurationIsVisible = 0;
			defaultConfigurationName = Release;
		};
		C2F3FEE326CF54A6007D4A2F /* Build configuration list for PBXNativeTarget "RetainCycleTest" */ = {
			isa = XCConfigurationList;
			buildConfigurations = (
				C2F3FEE426CF54A6007D4A2F /* Debug */,
				C2F3FEE526CF54A6007D4A2F /* Release */,
			);
			defaultConfigurationIsVisible = 0;
			defaultConfigurationName = Release;
		};
/* End XCConfigurationList section */
	};
	rootObject = C2F3FEC726CF54A4007D4A2F /* Project object */;
}
