// !$*UTF8*$!
{
	archiveVersion = 1;
	classes = {
	};
	objectVersion = 55;
	objects = {

/* Begin PBXBuildFile section */
		A54759BD3A914B65BA58B595 /* Pods_FacebookWebTest.framework in Frameworks */ = {isa = PBXBuildFile; fileRef = E3BFC2CAA84006B594C783C7 /* Pods_FacebookWebTest.framework */; };
		C2F9A2CA2906363800044F71 /* AppDelegate.swift in Sources */ = {isa = PBXBuildFile; fileRef = C2F9A2C92906363800044F71 /* AppDelegate.swift */; };
		C2F9A2CC2906363800044F71 /* SceneDelegate.swift in Sources */ = {isa = PBXBuildFile; fileRef = C2F9A2CB2906363800044F71 /* SceneDelegate.swift */; };
		C2F9A2CE2906363800044F71 /* ViewController.swift in Sources */ = {isa = PBXBuildFile; fileRef = C2F9A2CD2906363800044F71 /* ViewController.swift */; };
		C2F9A2D12906363800044F71 /* Main.storyboard in Resources */ = {isa = PBXBuildFile; fileRef = C2F9A2CF2906363800044F71 /* Main.storyboard */; };
		C2F9A2D32906363B00044F71 /* Assets.xcassets in Resources */ = {isa = PBXBuildFile; fileRef = C2F9A2D22906363B00044F71 /* Assets.xcassets */; };
		C2F9A2D62906363B00044F71 /* LaunchScreen.storyboard in Resources */ = {isa = PBXBuildFile; fileRef = C2F9A2D42906363B00044F71 /* LaunchScreen.storyboard */; };
		C2F9A2DF2906368400044F71 /* MYCommonWebVC.swift in Sources */ = {isa = PBXBuildFile; fileRef = C2F9A2DD2906368400044F71 /* MYCommonWebVC.swift */; };
		C2F9A2E02906368400044F71 /* MYWebviewPr.swift in Sources */ = {isa = PBXBuildFile; fileRef = C2F9A2DE2906368400044F71 /* MYWebviewPr.swift */; };
		C2F9A2E42906397300044F71 /* MYWKUIDelegatePr.swift in Sources */ = {isa = PBXBuildFile; fileRef = C2F9A2E32906397300044F71 /* MYWKUIDelegatePr.swift */; };
/* End PBXBuildFile section */

/* Begin PBXFileReference section */
		ADB941A88D0EA5BE03AEB6C7 /* Pods-FacebookWebTest.debug.xcconfig */ = {isa = PBXFileReference; includeInIndex = 1; lastKnownFileType = text.xcconfig; name = "Pods-FacebookWebTest.debug.xcconfig"; path = "Target Support Files/Pods-FacebookWebTest/Pods-FacebookWebTest.debug.xcconfig"; sourceTree = "<group>"; };
		BB28368523E5F7A84E1E7C7F /* Pods-FacebookWebTest.release.xcconfig */ = {isa = PBXFileReference; includeInIndex = 1; lastKnownFileType = text.xcconfig; name = "Pods-FacebookWebTest.release.xcconfig"; path = "Target Support Files/Pods-FacebookWebTest/Pods-FacebookWebTest.release.xcconfig"; sourceTree = "<group>"; };
		C2F9A2C62906363800044F71 /* FacebookWebTest.app */ = {isa = PBXFileReference; explicitFileType = wrapper.application; includeInIndex = 0; path = FacebookWebTest.app; sourceTree = BUILT_PRODUCTS_DIR; };
		C2F9A2C92906363800044F71 /* AppDelegate.swift */ = {isa = PBXFileReference; lastKnownFileType = sourcecode.swift; path = AppDelegate.swift; sourceTree = "<group>"; };
		C2F9A2CB2906363800044F71 /* SceneDelegate.swift */ = {isa = PBXFileReference; lastKnownFileType = sourcecode.swift; path = SceneDelegate.swift; sourceTree = "<group>"; };
		C2F9A2CD2906363800044F71 /* ViewController.swift */ = {isa = PBXFileReference; lastKnownFileType = sourcecode.swift; path = ViewController.swift; sourceTree = "<group>"; };
		C2F9A2D02906363800044F71 /* Base */ = {isa = PBXFileReference; lastKnownFileType = file.storyboard; name = Base; path = Base.lproj/Main.storyboard; sourceTree = "<group>"; };
		C2F9A2D22906363B00044F71 /* Assets.xcassets */ = {isa = PBXFileReference; lastKnownFileType = folder.assetcatalog; path = Assets.xcassets; sourceTree = "<group>"; };
		C2F9A2D52906363B00044F71 /* Base */ = {isa = PBXFileReference; lastKnownFileType = file.storyboard; name = Base; path = Base.lproj/LaunchScreen.storyboard; sourceTree = "<group>"; };
		C2F9A2D72906363B00044F71 /* Info.plist */ = {isa = PBXFileReference; lastKnownFileType = text.plist.xml; path = Info.plist; sourceTree = "<group>"; };
		C2F9A2DD2906368400044F71 /* MYCommonWebVC.swift */ = {isa = PBXFileReference; fileEncoding = 4; lastKnownFileType = sourcecode.swift; path = MYCommonWebVC.swift; sourceTree = SOURCE_ROOT; };
		C2F9A2DE2906368400044F71 /* MYWebviewPr.swift */ = {isa = PBXFileReference; fileEncoding = 4; lastKnownFileType = sourcecode.swift; path = MYWebviewPr.swift; sourceTree = SOURCE_ROOT; };
		C2F9A2E32906397300044F71 /* MYWKUIDelegatePr.swift */ = {isa = PBXFileReference; fileEncoding = 4; lastKnownFileType = sourcecode.swift; path = MYWKUIDelegatePr.swift; sourceTree = SOURCE_ROOT; };
		E3BFC2CAA84006B594C783C7 /* Pods_FacebookWebTest.framework */ = {isa = PBXFileReference; explicitFileType = wrapper.framework; includeInIndex = 0; path = Pods_FacebookWebTest.framework; sourceTree = BUILT_PRODUCTS_DIR; };
/* End PBXFileReference section */

/* Begin PBXFrameworksBuildPhase section */
		C2F9A2C32906363800044F71 /* Frameworks */ = {
			isa = PBXFrameworksBuildPhase;
			buildActionMask = 2147483647;
			files = (
				A54759BD3A914B65BA58B595 /* Pods_FacebookWebTest.framework in Frameworks */,
			);
			runOnlyForDeploymentPostprocessing = 0;
		};
/* End PBXFrameworksBuildPhase section */

/* Begin PBXGroup section */
		7822339118E8EF1B7DE24C03 /* Pods */ = {
			isa = PBXGroup;
			children = (
				ADB941A88D0EA5BE03AEB6C7 /* Pods-FacebookWebTest.debug.xcconfig */,
				BB28368523E5F7A84E1E7C7F /* Pods-FacebookWebTest.release.xcconfig */,
			);
			path = Pods;
			sourceTree = "<group>";
		};
		BE28A366990B05FB5761739E /* Frameworks */ = {
			isa = PBXGroup;
			children = (
				E3BFC2CAA84006B594C783C7 /* Pods_FacebookWebTest.framework */,
			);
			name = Frameworks;
			sourceTree = "<group>";
		};
		C2F9A2BD2906363800044F71 = {
			isa = PBXGroup;
			children = (
				C2F9A2C82906363800044F71 /* FacebookWebTest */,
				C2F9A2C72906363800044F71 /* Products */,
				7822339118E8EF1B7DE24C03 /* Pods */,
				BE28A366990B05FB5761739E /* Frameworks */,
			);
			sourceTree = "<group>";
		};
		C2F9A2C72906363800044F71 /* Products */ = {
			isa = PBXGroup;
			children = (
				C2F9A2C62906363800044F71 /* FacebookWebTest.app */,
			);
			name = Products;
			sourceTree = "<group>";
		};
		C2F9A2C82906363800044F71 /* FacebookWebTest */ = {
			isa = PBXGroup;
			children = (
				C2F9A2DD2906368400044F71 /* MYCommonWebVC.swift */,
				C2F9A2DE2906368400044F71 /* MYWebviewPr.swift */,
				C2F9A2E32906397300044F71 /* MYWKUIDelegatePr.swift */,
				C2F9A2C92906363800044F71 /* AppDelegate.swift */,
				C2F9A2CB2906363800044F71 /* SceneDelegate.swift */,
				C2F9A2CD2906363800044F71 /* ViewController.swift */,
				C2F9A2CF2906363800044F71 /* Main.storyboard */,
				C2F9A2D22906363B00044F71 /* Assets.xcassets */,
				C2F9A2D42906363B00044F71 /* LaunchScreen.storyboard */,
				C2F9A2D72906363B00044F71 /* Info.plist */,
			);
			path = FacebookWebTest;
			sourceTree = "<group>";
		};
/* End PBXGroup section */

/* Begin PBXNativeTarget section */
		C2F9A2C52906363800044F71 /* FacebookWebTest */ = {
			isa = PBXNativeTarget;
			buildConfigurationList = C2F9A2DA2906363B00044F71 /* Build configuration list for PBXNativeTarget "FacebookWebTest" */;
			buildPhases = (
				E91E08EA3D1657D7EC34C1CB /* [CP] Check Pods Manifest.lock */,
				C2F9A2C22906363800044F71 /* Sources */,
				C2F9A2C32906363800044F71 /* Frameworks */,
				C2F9A2C42906363800044F71 /* Resources */,
				8CDCB93B9A0E2F1BDE5AE66E /* [CP] Embed Pods Frameworks */,
			);
			buildRules = (
			);
			dependencies = (
			);
			name = FacebookWebTest;
			productName = FacebookWebTest;
			productReference = C2F9A2C62906363800044F71 /* FacebookWebTest.app */;
			productType = "com.apple.product-type.application";
		};
/* End PBXNativeTarget section */

/* Begin PBXProject section */
		C2F9A2BE2906363800044F71 /* Project object */ = {
			isa = PBXProject;
			attributes = {
				BuildIndependentTargetsInParallel = 1;
				LastSwiftUpdateCheck = 1330;
				LastUpgradeCheck = 1330;
				TargetAttributes = {
					C2F9A2C52906363800044F71 = {
						CreatedOnToolsVersion = 13.3;
					};
				};
			};
			buildConfigurationList = C2F9A2C12906363800044F71 /* Build configuration list for PBXProject "FacebookWebTest" */;
			compatibilityVersion = "Xcode 13.0";
			developmentRegion = en;
			hasScannedForEncodings = 0;
			knownRegions = (
				en,
				Base,
			);
			mainGroup = C2F9A2BD2906363800044F71;
			productRefGroup = C2F9A2C72906363800044F71 /* Products */;
			projectDirPath = "";
			projectRoot = "";
			targets = (
				C2F9A2C52906363800044F71 /* FacebookWebTest */,
			);
		};
/* End PBXProject section */

/* Begin PBXResourcesBuildPhase section */
		C2F9A2C42906363800044F71 /* Resources */ = {
			isa = PBXResourcesBuildPhase;
			buildActionMask = 2147483647;
			files = (
				C2F9A2D62906363B00044F71 /* LaunchScreen.storyboard in Resources */,
				C2F9A2D32906363B00044F71 /* Assets.xcassets in Resources */,
				C2F9A2D12906363800044F71 /* Main.storyboard in Resources */,
			);
			runOnlyForDeploymentPostprocessing = 0;
		};
/* End PBXResourcesBuildPhase section */

/* Begin PBXShellScriptBuildPhase section */
		8CDCB93B9A0E2F1BDE5AE66E /* [CP] Embed Pods Frameworks */ = {
			isa = PBXShellScriptBuildPhase;
			buildActionMask = 2147483647;
			files = (
			);
			inputFileListPaths = (
				"${PODS_ROOT}/Target Support Files/Pods-FacebookWebTest/Pods-FacebookWebTest-frameworks-${CONFIGURATION}-input-files.xcfilelist",
			);
			name = "[CP] Embed Pods Frameworks";
			outputFileListPaths = (
				"${PODS_ROOT}/Target Support Files/Pods-FacebookWebTest/Pods-FacebookWebTest-frameworks-${CONFIGURATION}-output-files.xcfilelist",
			);
			runOnlyForDeploymentPostprocessing = 0;
			shellPath = /bin/sh;
			shellScript = "\"${PODS_ROOT}/Target Support Files/Pods-FacebookWebTest/Pods-FacebookWebTest-frameworks.sh\"\n";
			showEnvVarsInLog = 0;
		};
		E91E08EA3D1657D7EC34C1CB /* [CP] Check Pods Manifest.lock */ = {
			isa = PBXShellScriptBuildPhase;
			buildActionMask = 2147483647;
			files = (
			);
			inputFileListPaths = (
			);
			inputPaths = (
				"${PODS_PODFILE_DIR_PATH}/Podfile.lock",
				"${PODS_ROOT}/Manifest.lock",
			);
			name = "[CP] Check Pods Manifest.lock";
			outputFileListPaths = (
			);
			outputPaths = (
				"$(DERIVED_FILE_DIR)/Pods-FacebookWebTest-checkManifestLockResult.txt",
			);
			runOnlyForDeploymentPostprocessing = 0;
			shellPath = /bin/sh;
			shellScript = "diff \"${PODS_PODFILE_DIR_PATH}/Podfile.lock\" \"${PODS_ROOT}/Manifest.lock\" > /dev/null\nif [ $? != 0 ] ; then\n    # print error to STDERR\n    echo \"error: The sandbox is not in sync with the Podfile.lock. Run 'pod install' or update your CocoaPods installation.\" >&2\n    exit 1\nfi\n# This output is used by Xcode 'outputs' to avoid re-running this script phase.\necho \"SUCCESS\" > \"${SCRIPT_OUTPUT_FILE_0}\"\n";
			showEnvVarsInLog = 0;
		};
/* End PBXShellScriptBuildPhase section */

/* Begin PBXSourcesBuildPhase section */
		C2F9A2C22906363800044F71 /* Sources */ = {
			isa = PBXSourcesBuildPhase;
			buildActionMask = 2147483647;
			files = (
				C2F9A2DF2906368400044F71 /* MYCommonWebVC.swift in Sources */,
				C2F9A2CE2906363800044F71 /* ViewController.swift in Sources */,
				C2F9A2E02906368400044F71 /* MYWebviewPr.swift in Sources */,
				C2F9A2CA2906363800044F71 /* AppDelegate.swift in Sources */,
				C2F9A2E42906397300044F71 /* MYWKUIDelegatePr.swift in Sources */,
				C2F9A2CC2906363800044F71 /* SceneDelegate.swift in Sources */,
			);
			runOnlyForDeploymentPostprocessing = 0;
		};
/* End PBXSourcesBuildPhase section */

/* Begin PBXVariantGroup section */
		C2F9A2CF2906363800044F71 /* Main.storyboard */ = {
			isa = PBXVariantGroup;
			children = (
				C2F9A2D02906363800044F71 /* Base */,
			);
			name = Main.storyboard;
			sourceTree = "<group>";
		};
		C2F9A2D42906363B00044F71 /* LaunchScreen.storyboard */ = {
			isa = PBXVariantGroup;
			children = (
				C2F9A2D52906363B00044F71 /* Base */,
			);
			name = LaunchScreen.storyboard;
			sourceTree = "<group>";
		};
/* End PBXVariantGroup section */

/* Begin XCBuildConfiguration section */
		C2F9A2D82906363B00044F71 /* Debug */ = {
			isa = XCBuildConfiguration;
			buildSettings = {
				ALWAYS_SEARCH_USER_PATHS = NO;
				CLANG_ANALYZER_NONNULL = YES;
				CLANG_ANALYZER_NUMBER_OBJECT_CONVERSION = YES_AGGRESSIVE;
				CLANG_CXX_LANGUAGE_STANDARD = "gnu++17";
				CLANG_ENABLE_MODULES = YES;
				CLANG_ENABLE_OBJC_ARC = YES;
				CLANG_ENABLE_OBJC_WEAK = YES;
				CLANG_WARN_BLOCK_CAPTURE_AUTORELEASING = YES;
				CLANG_WARN_BOOL_CONVERSION = YES;
				CLANG_WARN_COMMA = YES;
				CLANG_WARN_CONSTANT_CONVERSION = YES;
				CLANG_WARN_DEPRECATED_OBJC_IMPLEMENTATIONS = YES;
				CLANG_WARN_DIRECT_OBJC_ISA_USAGE = YES_ERROR;
				CLANG_WARN_DOCUMENTATION_COMMENTS = YES;
				CLANG_WARN_EMPTY_BODY = YES;
				CLANG_WARN_ENUM_CONVERSION = YES;
				CLANG_WARN_INFINITE_RECURSION = YES;
				CLANG_WARN_INT_CONVERSION = YES;
				CLANG_WARN_NON_LITERAL_NULL_CONVERSION = YES;
				CLANG_WARN_OBJC_IMPLICIT_RETAIN_SELF = YES;
				CLANG_WARN_OBJC_LITERAL_CONVERSION = YES;
				CLANG_WARN_OBJC_ROOT_CLASS = YES_ERROR;
				CLANG_WARN_QUOTED_INCLUDE_IN_FRAMEWORK_HEADER = YES;
				CLANG_WARN_RANGE_LOOP_ANALYSIS = YES;
				CLANG_WARN_STRICT_PROTOTYPES = YES;
				CLANG_WARN_SUSPICIOUS_MOVE = YES;
				CLANG_WARN_UNGUARDED_AVAILABILITY = YES_AGGRESSIVE;
				CLANG_WARN_UNREACHABLE_CODE = YES;
				CLANG_WARN__DUPLICATE_METHOD_MATCH = YES;
				COPY_PHASE_STRIP = NO;
				DEBUG_INFORMATION_FORMAT = dwarf;
				ENABLE_STRICT_OBJC_MSGSEND = YES;
				ENABLE_TESTABILITY = YES;
				GCC_C_LANGUAGE_STANDARD = gnu11;
				GCC_DYNAMIC_NO_PIC = NO;
				GCC_NO_COMMON_BLOCKS = YES;
				GCC_OPTIMIZATION_LEVEL = 0;
				GCC_PREPROCESSOR_DEFINITIONS = (
					"DEBUG=1",
					"$(inherited)",
				);
				GCC_WARN_64_TO_32_BIT_CONVERSION = YES;
				GCC_WARN_ABOUT_RETURN_TYPE = YES_ERROR;
				GCC_WARN_UNDECLARED_SELECTOR = YES;
				GCC_WARN_UNINITIALIZED_AUTOS = YES_AGGRESSIVE;
				GCC_WARN_UNUSED_FUNCTION = YES;
				GCC_WARN_UNUSED_VARIABLE = YES;
				IPHONEOS_DEPLOYMENT_TARGET = 15.4;
				MTL_ENABLE_DEBUG_INFO = INCLUDE_SOURCE;
				MTL_FAST_MATH = YES;
				ONLY_ACTIVE_ARCH = YES;
				SDKROOT = iphoneos;
				SWIFT_ACTIVE_COMPILATION_CONDITIONS = DEBUG;
				SWIFT_OPTIMIZATION_LEVEL = "-Onone";
			};
			name = Debug;
		};
		C2F9A2D92906363B00044F71 /* Release */ = {
			isa = XCBuildConfiguration;
			buildSettings = {
				ALWAYS_SEARCH_USER_PATHS = NO;
				CLANG_ANALYZER_NONNULL = YES;
				CLANG_ANALYZER_NUMBER_OBJECT_CONVERSION = YES_AGGRESSIVE;
				CLANG_CXX_LANGUAGE_STANDARD = "gnu++17";
				CLANG_ENABLE_MODULES = YES;
				CLANG_ENABLE_OBJC_ARC = YES;
				CLANG_ENABLE_OBJC_WEAK = YES;
				CLANG_WARN_BLOCK_CAPTURE_AUTORELEASING = YES;
				CLANG_WARN_BOOL_CONVERSION = YES;
				CLANG_WARN_COMMA = YES;
				CLANG_WARN_CONSTANT_CONVERSION = YES;
				CLANG_WARN_DEPRECATED_OBJC_IMPLEMENTATIONS = YES;
				CLANG_WARN_DIRECT_OBJC_ISA_USAGE = YES_ERROR;
				CLANG_WARN_DOCUMENTATION_COMMENTS = YES;
				CLANG_WARN_EMPTY_BODY = YES;
				CLANG_WARN_ENUM_CONVERSION = YES;
				CLANG_WARN_INFINITE_RECURSION = YES;
				CLANG_WARN_INT_CONVERSION = YES;
				CLANG_WARN_NON_LITERAL_NULL_CONVERSION = YES;
				CLANG_WARN_OBJC_IMPLICIT_RETAIN_SELF = YES;
				CLANG_WARN_OBJC_LITERAL_CONVERSION = YES;
				CLANG_WARN_OBJC_ROOT_CLASS = YES_ERROR;
				CLANG_WARN_QUOTED_INCLUDE_IN_FRAMEWORK_HEADER = YES;
				CLANG_WARN_RANGE_LOOP_ANALYSIS = YES;
				CLANG_WARN_STRICT_PROTOTYPES = YES;
				CLANG_WARN_SUSPICIOUS_MOVE = YES;
				CLANG_WARN_UNGUARDED_AVAILABILITY = YES_AGGRESSIVE;
				CLANG_WARN_UNREACHABLE_CODE = YES;
				CLANG_WARN__DUPLICATE_METHOD_MATCH = YES;
				COPY_PHASE_STRIP = NO;
				DEBUG_INFORMATION_FORMAT = "dwarf-with-dsym";
				ENABLE_NS_ASSERTIONS = NO;
				ENABLE_STRICT_OBJC_MSGSEND = YES;
				GCC_C_LANGUAGE_STANDARD = gnu11;
				GCC_NO_COMMON_BLOCKS = YES;
				GCC_WARN_64_TO_32_BIT_CONVERSION = YES;
				GCC_WARN_ABOUT_RETURN_TYPE = YES_ERROR;
				GCC_WARN_UNDECLARED_SELECTOR = YES;
				GCC_WARN_UNINITIALIZED_AUTOS = YES_AGGRESSIVE;
				GCC_WARN_UNUSED_FUNCTION = YES;
				GCC_WARN_UNUSED_VARIABLE = YES;
				IPHONEOS_DEPLOYMENT_TARGET = 15.4;
				MTL_ENABLE_DEBUG_INFO = NO;
				MTL_FAST_MATH = YES;
				SDKROOT = iphoneos;
				SWIFT_COMPILATION_MODE = wholemodule;
				SWIFT_OPTIMIZATION_LEVEL = "-O";
				VALIDATE_PRODUCT = YES;
			};
			name = Release;
		};
		C2F9A2DB2906363B00044F71 /* Debug */ = {
			isa = XCBuildConfiguration;
			baseConfigurationReference = ADB941A88D0EA5BE03AEB6C7 /* Pods-FacebookWebTest.debug.xcconfig */;
			buildSettings = {
				ASSETCATALOG_COMPILER_APPICON_NAME = AppIcon;
				ASSETCATALOG_COMPILER_GLOBAL_ACCENT_COLOR_NAME = AccentColor;
				CODE_SIGN_STYLE = Automatic;
				CURRENT_PROJECT_VERSION = 1;
				DEVELOPMENT_TEAM = PTUCTZC4VF;
				GENERATE_INFOPLIST_FILE = YES;
				INFOPLIST_FILE = FacebookWebTest/Info.plist;
				INFOPLIST_KEY_UIApplicationSupportsIndirectInputEvents = YES;
				INFOPLIST_KEY_UILaunchStoryboardName = LaunchScreen;
				INFOPLIST_KEY_UIMainStoryboardFile = Main;
				INFOPLIST_KEY_UISupportedInterfaceOrientations_iPad = "UIInterfaceOrientationPortrait UIInterfaceOrientationPortraitUpsideDown UIInterfaceOrientationLandscapeLeft UIInterfaceOrientationLandscapeRight";
				INFOPLIST_KEY_UISupportedInterfaceOrientations_iPhone = "UIInterfaceOrientationPortrait UIInterfaceOrientationLandscapeLeft UIInterfaceOrientationLandscapeRight";
				LD_RUNPATH_SEARCH_PATHS = (
					"$(inherited)",
					"@executable_path/Frameworks",
				);
				MARKETING_VERSION = 1.0;
				PRODUCT_BUNDLE_IDENTIFIER = com.myl.swiftUI.FacebookWebTest;
				PRODUCT_NAME = "$(TARGET_NAME)";
				SWIFT_EMIT_LOC_STRINGS = YES;
				SWIFT_VERSION = 5.0;
				TARGETED_DEVICE_FAMILY = "1,2";
			};
			name = Debug;
		};
		C2F9A2DC2906363B00044F71 /* Release */ = {
			isa = XCBuildConfiguration;
			baseConfigurationReference = BB28368523E5F7A84E1E7C7F /* Pods-FacebookWebTest.release.xcconfig */;
			buildSettings = {
				ASSETCATALOG_COMPILER_APPICON_NAME = AppIcon;
				ASSETCATALOG_COMPILER_GLOBAL_ACCENT_COLOR_NAME = AccentColor;
				CODE_SIGN_STYLE = Automatic;
				CURRENT_PROJECT_VERSION = 1;
				DEVELOPMENT_TEAM = PTUCTZC4VF;
				GENERATE_INFOPLIST_FILE = YES;
				INFOPLIST_FILE = FacebookWebTest/Info.plist;
				INFOPLIST_KEY_UIApplicationSupportsIndirectInputEvents = YES;
				INFOPLIST_KEY_UILaunchStoryboardName = LaunchScreen;
				INFOPLIST_KEY_UIMainStoryboardFile = Main;
				INFOPLIST_KEY_UISupportedInterfaceOrientations_iPad = "UIInterfaceOrientationPortrait UIInterfaceOrientationPortraitUpsideDown UIInterfaceOrientationLandscapeLeft UIInterfaceOrientationLandscapeRight";
				INFOPLIST_KEY_UISupportedInterfaceOrientations_iPhone = "UIInterfaceOrientationPortrait UIInterfaceOrientationLandscapeLeft UIInterfaceOrientationLandscapeRight";
				LD_RUNPATH_SEARCH_PATHS = (
					"$(inherited)",
					"@executable_path/Frameworks",
				);
				MARKETING_VERSION = 1.0;
				PRODUCT_BUNDLE_IDENTIFIER = com.myl.swiftUI.FacebookWebTest;
				PRODUCT_NAME = "$(TARGET_NAME)";
				SWIFT_EMIT_LOC_STRINGS = YES;
				SWIFT_VERSION = 5.0;
				TARGETED_DEVICE_FAMILY = "1,2";
			};
			name = Release;
		};
/* End XCBuildConfiguration section */

/* Begin XCConfigurationList section */
		C2F9A2C12906363800044F71 /* Build configuration list for PBXProject "FacebookWebTest" */ = {
			isa = XCConfigurationList;
			buildConfigurations = (
				C2F9A2D82906363B00044F71 /* Debug */,
				C2F9A2D92906363B00044F71 /* Release */,
			);
			defaultConfigurationIsVisible = 0;
			defaultConfigurationName = Release;
		};
		C2F9A2DA2906363B00044F71 /* Build configuration list for PBXNativeTarget "FacebookWebTest" */ = {
			isa = XCConfigurationList;
			buildConfigurations = (
				C2F9A2DB2906363B00044F71 /* Debug */,
				C2F9A2DC2906363B00044F71 /* Release */,
			);
			defaultConfigurationIsVisible = 0;
			defaultConfigurationName = Release;
		};
/* End XCConfigurationList section */
	};
	rootObject = C2F9A2BE2906363800044F71 /* Project object */;
}
